{
  "object": {
    "pins": [
      {
        "package": "Commander",
        "repositoryURL": "https://github.com/kylef/Commander.git",
        "state": {
          "branch": null,
          "revision": "4c320a3507d621d27f89514eb576664becfee643",
          "version": "0.6.1"
        }
      },
      {
        "package": "Files",
        "repositoryURL": "https://github.com/JohnSundell/files.git",
        "state": {
          "branch": null,
          "revision": "c2b337cd9cbe91622830e7e0f8ca76845ba81ca6",
          "version": "1.12.0"
        }
      },
      {
        "package": "Rainbow",
        "repositoryURL": "https://github.com/onevcat/Rainbow.git",
        "state": {
          "branch": null,
          "revision": "df197437d8acefb2ae01ab073be1d531fe7781ef",
          "version": "2.1.0"
        }
      },
      {
        "package": "ShellOut",
        "repositoryURL": "https://github.com/JohnSundell/ShellOut.git",
        "state": {
          "branch": null,
          "revision": "c21f7a0e891e1301eac0a1b400857173f98aab45",
          "version": "1.2.1"
        }
      },
      {
        "package": "Spectre",
        "repositoryURL": "https://github.com/kylef/Spectre.git",
        "state": {
          "branch": null,
          "revision": "e46b75cf03ad5e563b4b0a5068d3d6f04d77d80b",
          "version": "0.7.2"
        }
      }
    ]
  },
  "version": 1
}
